{
  "name": "nodepackagetemplate-demo",
  "version": "1.0.0",
  "lockfileVersion": 2,
  "requires": true,
  "packages": {
    "": {
      "name": "nodepackagetemplate-demo",
      "version": "1.0.0",
      "license": "MIT",
      "dependencies": {
        "@sogrey/node-package-template": "^1.0.3"
      }
    },
    "node_modules/@sogrey/node-package-template": {
      "version": "1.0.6",
      "resolved": "https://registry.npmjs.org/@sogrey/node-package-template/-/node-package-template-1.0.6.tgz",
      "integrity": "sha512-uedROJhOsK49+s/uBMY/cNMxpG/5HaOvEQ19lxEV6X8KNWQDXF/44YIJaOyj0ifWVyK4HAP/LRzaI2yRaqj8rg==",
      "dependencies": {
        "commander": "^8.1.0",
        "es6-promise": "^4.2.8"
      }
    },
    "node_modules/commander": {
      "version": "8.1.0",
      "resolved": "https://registry.npmjs.org/commander/-/commander-8.1.0.tgz",
      "integrity": "sha512-mf45ldcuHSYShkplHHGKWb4TrmwQadxOn7v4WuhDJy0ZVoY5JFajaRDKD0PNe5qXzBX0rhovjTnP6Kz9LETcuA==",
      "engines": {
        "node": ">= 12"
      }
    },
    "node_modules/es6-promise": {
      "version": "4.2.8",
      "resolved": "https://registry.npmjs.org/es6-promise/-/es6-promise-4.2.8.tgz",
      "integrity": "sha512-HJDGx5daxeIvxdBxvG2cb9g4tEvwIk3i8+nhX0yGrYmZUzbkdg8QbDevheDB8gd0//uPj4c1EQua8Q+MViT0/w=="
    }
  },
  "dependencies": {
    "@sogrey/node-package-template": {
      "version": "1.0.6",
      "resolved": "https://registry.npmjs.org/@sogrey/node-package-template/-/node-package-template-1.0.6.tgz",
      "integrity": "sha512-uedROJhOsK49+s/uBMY/cNMxpG/5HaOvEQ19lxEV6X8KNWQDXF/44YIJaOyj0ifWVyK4HAP/LRzaI2yRaqj8rg==",
      "requires": {
        "commander": "^8.1.0",
        "es6-promise": "^4.2.8"
      }
    },
    "commander": {
      "version": "8.1.0",
      "resolved": "https://registry.npmjs.org/commander/-/commander-8.1.0.tgz",
      "integrity": "sha512-mf45ldcuHSYShkplHHGKWb4TrmwQadxOn7v4WuhDJy0ZVoY5JFajaRDKD0PNe5qXzBX0rhovjTnP6Kz9LETcuA=="
    },
    "es6-promise": {
      "version": "4.2.8",
      "resolved": "https://registry.npmjs.org/es6-promise/-/es6-promise-4.2.8.tgz",
      "integrity": "sha512-HJDGx5daxeIvxdBxvG2cb9g4tEvwIk3i8+nhX0yGrYmZUzbkdg8QbDevheDB8gd0//uPj4c1EQua8Q+MViT0/w=="
    }
  }
}
